Microsoft Visual Studio Solution File, Format Version 11.00
# Visual Studio 2008

Project("{40811638-AF74-5AEC-7ED6-34E858D52952}") = "Udemy-Glitch-Garden", "Assembly-CSharp.csproj", "{634AD107-6631-A814-AFAA-8DF889403D00}"
EndProject
Global
	GlobalSection(SolutionConfigurationPlatforms) = preSolution
		Debug|Any CPU = Debug|Any CPU
		Release|Any CPU = Release|Any CPU
	EndGlobalSection
	GlobalSection(ProjectConfigurationPlatforms) = postSolution
		{634AD107-6631-A814-AFAA-8DF889403D00}.Debug|Any CPU.ActiveCfg = Debug|Any CPU
		{634AD107-6631-A814-AFAA-8DF889403D00}.Debug|Any CPU.Build.0 = Debug|Any CPU
		{634AD107-6631-A814-AFAA-8DF889403D00}.Release|Any CPU.ActiveCfg = Release|Any CPU
		{634AD107-6631-A814-AFAA-8DF889403D00}.Release|Any CPU.Build.0 = Release|Any CPU
	EndGlobalSection
	GlobalSection(SolutionProperties) = preSolution
		HideSolutionNode = FALSE
	EndGlobalSection
	GlobalSection(MonoDevelopProperties) = preSolution
		StartupItem = Assembly-CSharp.csproj
	EndGlobalSection
EndGlobal
